
Microsoft Visual Studio Solution File, Format Version 12.00
# Visual Studio Version 17
VisualStudioVersion = 17.12.35707.178 d17.12
MinimumVisualStudioVersion = 10.0.40219.1
Project("{FAE04EC0-301F-11D3-BF4B-00C04F79EFBC}") = "LondonStockExchange.Server", "LondonStockExchange.Server\LondonStockExchange.Server.csproj", "{CE1F2607-37F5-40D4-98BE-B60C48013480}"
EndProject
Project("{54A90642-561A-4BB1-A94E-469ADEE60C69}") = "londonstockexchange.client", "londonstockexchange.client\londonstockexchange.client.esproj", "{B9DA717D-BA33-4CF7-945D-CD342F8B8F2C}"
EndProject
Global
	GlobalSection(SolutionConfigurationPlatforms) = preSolution
		Debug|Any CPU = Debug|Any CPU
		Release|Any CPU = Release|Any CPU
	EndGlobalSection
	GlobalSection(ProjectConfigurationPlatforms) = postSolution
		{CE1F2607-37F5-40D4-98BE-B60C48013480}.Debug|Any CPU.ActiveCfg = Debug|Any CPU
		{CE1F2607-37F5-40D4-98BE-B60C48013480}.Debug|Any CPU.Build.0 = Debug|Any CPU
		{CE1F2607-37F5-40D4-98BE-B60C48013480}.Release|Any CPU.ActiveCfg = Release|Any CPU
		{CE1F2607-37F5-40D4-98BE-B60C48013480}.Release|Any CPU.Build.0 = Release|Any CPU
		{B9DA717D-BA33-4CF7-945D-CD342F8B8F2C}.Debug|Any CPU.ActiveCfg = Debug|Any CPU
		{B9DA717D-BA33-4CF7-945D-CD342F8B8F2C}.Debug|Any CPU.Build.0 = Debug|Any CPU
		{B9DA717D-BA33-4CF7-945D-CD342F8B8F2C}.Debug|Any CPU.Deploy.0 = Debug|Any CPU
		{B9DA717D-BA33-4CF7-945D-CD342F8B8F2C}.Release|Any CPU.ActiveCfg = Release|Any CPU
		{B9DA717D-BA33-4CF7-945D-CD342F8B8F2C}.Release|Any CPU.Build.0 = Release|Any CPU
		{B9DA717D-BA33-4CF7-945D-CD342F8B8F2C}.Release|Any CPU.Deploy.0 = Release|Any CPU
	EndGlobalSection
	GlobalSection(SolutionProperties) = preSolution
		HideSolutionNode = FALSE
	EndGlobalSection
EndGlobal
